<?xml version="1.0" encoding="UTF-8"?>
<CodeBlocks_project_file>
	<FileVersion major="1" minor="6"/>
	<Project>
		<Option title="KVSystem"/>
		<Option makefile_is_custom="1"/>
		<Option compiler="clang"/>
		<Option virtualFolders="CMake Files\;CMake Files\cmake\;"/>
		<Build>
			<Target title="all">
				<Option working_dir="/home/altria/WorkSpace/Ludo/release"/>
				<Option type="4"/>
				<MakeCommands>
					<Build command="/usr/bin/make -j4 -f &quot;/home/altria/WorkSpace/Ludo/release/Makefile&quot;  VERBOSE=1 all"/>
					<CompileFile command="/usr/bin/make -j4 -f &quot;/home/altria/WorkSpace/Ludo/release/Makefile&quot;  VERBOSE=1 &quot;$file&quot;"/>
					<Clean command="/usr/bin/make -j4 -f &quot;/home/altria/WorkSpace/Ludo/release/Makefile&quot;  VERBOSE=1 clean"/>
					<DistClean command="/usr/bin/make -j4 -f &quot;/home/altria/WorkSpace/Ludo/release/Makefile&quot;  VERBOSE=1 clean"/>
				</MakeCommands>
			</Target>
			<Target title="rebuild_cache">
				<Option working_dir="/home/altria/WorkSpace/Ludo/release"/>
				<Option type="4"/>
				<MakeCommands>
					<Build command="/usr/bin/make -j4 -f &quot;/home/altria/WorkSpace/Ludo/release/Makefile&quot;  VERBOSE=1 rebuild_cache"/>
					<CompileFile command="/usr/bin/make -j4 -f &quot;/home/altria/WorkSpace/Ludo/release/Makefile&quot;  VERBOSE=1 &quot;$file&quot;"/>
					<Clean command="/usr/bin/make -j4 -f &quot;/home/altria/WorkSpace/Ludo/release/Makefile&quot;  VERBOSE=1 clean"/>
					<DistClean command="/usr/bin/make -j4 -f &quot;/home/altria/WorkSpace/Ludo/release/Makefile&quot;  VERBOSE=1 clean"/>
				</MakeCommands>
			</Target>
			<Target title="testCuckoo">
				<Option output="/home/altria/WorkSpace/Ludo/release/testCuckoo" prefix_auto="0" extension_auto="0"/>
				<Option working_dir="/home/altria/WorkSpace/Ludo/release"/>
				<Option object_output="./"/>
				<Option type="1"/>
				<Option compiler="clang"/>
				<Compiler>
					<Add directory="/home/altria/WorkSpace/Ludo"/>
					<Add directory="/usr/bin/../lib/gcc/x86_64-linux-gnu/7.5.0/../../../../include/c++/7.5.0"/>
					<Add directory="/usr/bin/../lib/gcc/x86_64-linux-gnu/7.5.0/../../../../include/x86_64-linux-gnu/c++/7.5.0"/>
					<Add directory="/usr/bin/../lib/gcc/x86_64-linux-gnu/7.5.0/../../../../include/c++/7.5.0/backward"/>
					<Add directory="/usr/include/clang/6.0.0/include"/>
					<Add directory="/usr/local/include"/>
					<Add directory="/usr/include/x86_64-linux-gnu"/>
					<Add directory="/usr/include"/>
					<Add directory="/usr/lib/llvm-6.0/lib/clang/6.0.0/include"/>
				</Compiler>
				<MakeCommands>
					<Build command="/usr/bin/make -j4 -f &quot;/home/altria/WorkSpace/Ludo/release/Makefile&quot;  VERBOSE=1 testCuckoo"/>
					<CompileFile command="/usr/bin/make -j4 -f &quot;/home/altria/WorkSpace/Ludo/release/Makefile&quot;  VERBOSE=1 &quot;$file&quot;"/>
					<Clean command="/usr/bin/make -j4 -f &quot;/home/altria/WorkSpace/Ludo/release/Makefile&quot;  VERBOSE=1 clean"/>
					<DistClean command="/usr/bin/make -j4 -f &quot;/home/altria/WorkSpace/Ludo/release/Makefile&quot;  VERBOSE=1 clean"/>
				</MakeCommands>
			</Target>
			<Target title="testCuckoo/fast">
				<Option output="/home/altria/WorkSpace/Ludo/release/testCuckoo" prefix_auto="0" extension_auto="0"/>
				<Option working_dir="/home/altria/WorkSpace/Ludo/release"/>
				<Option object_output="./"/>
				<Option type="1"/>
				<Option compiler="clang"/>
				<Compiler>
					<Add directory="/home/altria/WorkSpace/Ludo"/>
					<Add directory="/usr/bin/../lib/gcc/x86_64-linux-gnu/7.5.0/../../../../include/c++/7.5.0"/>
					<Add directory="/usr/bin/../lib/gcc/x86_64-linux-gnu/7.5.0/../../../../include/x86_64-linux-gnu/c++/7.5.0"/>
					<Add directory="/usr/bin/../lib/gcc/x86_64-linux-gnu/7.5.0/../../../../include/c++/7.5.0/backward"/>
					<Add directory="/usr/include/clang/6.0.0/include"/>
					<Add directory="/usr/local/include"/>
					<Add directory="/usr/include/x86_64-linux-gnu"/>
					<Add directory="/usr/include"/>
					<Add directory="/usr/lib/llvm-6.0/lib/clang/6.0.0/include"/>
				</Compiler>
				<MakeCommands>
					<Build command="/usr/bin/make -j4 -f &quot;/home/altria/WorkSpace/Ludo/release/Makefile&quot;  VERBOSE=1 testCuckoo/fast"/>
					<CompileFile command="/usr/bin/make -j4 -f &quot;/home/altria/WorkSpace/Ludo/release/Makefile&quot;  VERBOSE=1 &quot;$file&quot;"/>
					<Clean command="/usr/bin/make -j4 -f &quot;/home/altria/WorkSpace/Ludo/release/Makefile&quot;  VERBOSE=1 clean"/>
					<DistClean command="/usr/bin/make -j4 -f &quot;/home/altria/WorkSpace/Ludo/release/Makefile&quot;  VERBOSE=1 clean"/>
				</MakeCommands>
			</Target>
			<Target title="edit_cache">
				<Option working_dir="/home/altria/WorkSpace/Ludo/release"/>
				<Option type="4"/>
				<MakeCommands>
					<Build command="/usr/bin/make -j4 -f &quot;/home/altria/WorkSpace/Ludo/release/Makefile&quot;  VERBOSE=1 edit_cache"/>
					<CompileFile command="/usr/bin/make -j4 -f &quot;/home/altria/WorkSpace/Ludo/release/Makefile&quot;  VERBOSE=1 &quot;$file&quot;"/>
					<Clean command="/usr/bin/make -j4 -f &quot;/home/altria/WorkSpace/Ludo/release/Makefile&quot;  VERBOSE=1 clean"/>
					<DistClean command="/usr/bin/make -j4 -f &quot;/home/altria/WorkSpace/Ludo/release/Makefile&quot;  VERBOSE=1 clean"/>
				</MakeCommands>
			</Target>
		</Build>
		<Unit filename="/home/altria/WorkSpace/Ludo/Base.h">
			<Option target="testCuckoo"/>
		</Unit>
		<Unit filename="/home/altria/WorkSpace/Ludo/Cuckoo/cuckoo.h">
			<Option target="testCuckoo"/>
		</Unit>
		<Unit filename="/home/altria/WorkSpace/Ludo/Cuckoo/disjointset.h">
			<Option target="testCuckoo"/>
		</Unit>
		<Unit filename="/home/altria/WorkSpace/Ludo/Cuckoo/farmhash/farmhash.cc">
			<Option target="testCuckoo"/>
		</Unit>
		<Unit filename="/home/altria/WorkSpace/Ludo/Cuckoo/farmhash/farmhash.h">
			<Option target="testCuckoo"/>
		</Unit>
		<Unit filename="/home/altria/WorkSpace/Ludo/Cuckoo/hash.h">
			<Option target="testCuckoo"/>
		</Unit>
		<Unit filename="/home/altria/WorkSpace/Ludo/Cuckoo/lfsr64.h">
			<Option target="testCuckoo"/>
		</Unit>
		<Unit filename="/home/altria/WorkSpace/Ludo/Cuckoo/utils/ClientSock.cpp">
			<Option target="testCuckoo"/>
		</Unit>
		<Unit filename="/home/altria/WorkSpace/Ludo/Cuckoo/utils/ClientSock.h">
			<Option target="testCuckoo"/>
		</Unit>
		<Unit filename="/home/altria/WorkSpace/Ludo/Cuckoo/utils/debugbreak.h">
			<Option target="testCuckoo"/>
		</Unit>
		<Unit filename="/home/altria/WorkSpace/Ludo/Cuckoo/utils/hashutil.cc">
			<Option target="testCuckoo"/>
		</Unit>
		<Unit filename="/home/altria/WorkSpace/Ludo/Cuckoo/utils/hashutil.h">
			<Option target="testCuckoo"/>
		</Unit>
		<Unit filename="/home/altria/WorkSpace/Ludo/Cuckoo/utils/json.hpp">
			<Option target="testCuckoo"/>
		</Unit>
		<Unit filename="/home/altria/WorkSpace/Ludo/MyDesign.h">
			<Option target="testCuckoo"/>
		</Unit>
		<Unit filename="/home/altria/WorkSpace/Ludo/common.cpp">
			<Option target="testCuckoo"/>
		</Unit>
		<Unit filename="/home/altria/WorkSpace/Ludo/common.h">
			<Option target="testCuckoo"/>
		</Unit>
		<Unit filename="/home/altria/WorkSpace/Ludo/input/input_types.cpp">
			<Option target="testCuckoo"/>
		</Unit>
		<Unit filename="/home/altria/WorkSpace/Ludo/input/input_types.h">
			<Option target="testCuckoo"/>
		</Unit>
		<Unit filename="/home/altria/WorkSpace/Ludo/testCuckoo.cpp">
			<Option target="testCuckoo"/>
		</Unit>
		<Unit filename="/home/altria/WorkSpace/Ludo/CMakeLists.txt">
			<Option virtualFolder="CMake Files\"/>
		</Unit>
		<Unit filename="/home/altria/WorkSpace/Ludo/cmake/GperftoolsConfig.cmake">
			<Option virtualFolder="CMake Files\cmake\"/>
		</Unit>
	</Project>
</CodeBlocks_project_file>
